
Microsoft Visual Studio Solution File, Format Version 12.00
# Visual Studio 14
VisualStudioVersion = 14.0.25420.1
MinimumVisualStudioVersion = 10.0.40219.1
Project("{2150E333-8FDC-42A3-9474-1A3956D46DE8}") = "src", "src", "{5F639926-FAFA-40F9-A099-7CD5E75B7855}"
EndProject
Project("{2150E333-8FDC-42A3-9474-1A3956D46DE8}") = "Solution Items", "Solution Items", "{499AE910-0860-4D2F-A23B-E42A3208C0EB}"
	ProjectSection(SolutionItems) = preProject
		.gitignore = .gitignore
		global.json = global.json
	EndProjectSection
EndProject
Project("{8BB2217D-0F2D-49D1-97BC-3654ED321F3B}") = "BestelService.Domain", "src\BestelService.Domain\BestelService.Domain.xproj", "{1F56CD0C-36AE-4E25-9112-0A269D1775E2}"
EndProject
Project("{2150E333-8FDC-42A3-9474-1A3956D46DE8}") = "test", "test", "{D3D65426-8791-4F4A-8FE1-D00B2DD0A81B}"
EndProject
Project("{8BB2217D-0F2D-49D1-97BC-3654ED321F3B}") = "BestelService.Domain.Test", "test\BestelService.Domain.Test\BestelService.Domain.Test.xproj", "{F8F005AA-8E22-4A83-957C-35DA0EE8C1D4}"
EndProject
Project("{8BB2217D-0F2D-49D1-97BC-3654ED321F3B}") = "Common", "src\Common\Common.xproj", "{23DFF2D4-DCBD-4C4E-8BAC-7F9B3799B4C8}"
EndProject
Global
	GlobalSection(SolutionConfigurationPlatforms) = preSolution
		Debug|Any CPU = Debug|Any CPU
		Release|Any CPU = Release|Any CPU
	EndGlobalSection
	GlobalSection(ProjectConfigurationPlatforms) = postSolution
		{1F56CD0C-36AE-4E25-9112-0A269D1775E2}.Debug|Any CPU.ActiveCfg = Debug|Any CPU
		{1F56CD0C-36AE-4E25-9112-0A269D1775E2}.Debug|Any CPU.Build.0 = Debug|Any CPU
		{1F56CD0C-36AE-4E25-9112-0A269D1775E2}.Release|Any CPU.ActiveCfg = Release|Any CPU
		{1F56CD0C-36AE-4E25-9112-0A269D1775E2}.Release|Any CPU.Build.0 = Release|Any CPU
		{F8F005AA-8E22-4A83-957C-35DA0EE8C1D4}.Debug|Any CPU.ActiveCfg = Debug|Any CPU
		{F8F005AA-8E22-4A83-957C-35DA0EE8C1D4}.Debug|Any CPU.Build.0 = Debug|Any CPU
		{F8F005AA-8E22-4A83-957C-35DA0EE8C1D4}.Release|Any CPU.ActiveCfg = Release|Any CPU
		{F8F005AA-8E22-4A83-957C-35DA0EE8C1D4}.Release|Any CPU.Build.0 = Release|Any CPU
		{23DFF2D4-DCBD-4C4E-8BAC-7F9B3799B4C8}.Debug|Any CPU.ActiveCfg = Debug|Any CPU
		{23DFF2D4-DCBD-4C4E-8BAC-7F9B3799B4C8}.Debug|Any CPU.Build.0 = Debug|Any CPU
		{23DFF2D4-DCBD-4C4E-8BAC-7F9B3799B4C8}.Release|Any CPU.ActiveCfg = Release|Any CPU
		{23DFF2D4-DCBD-4C4E-8BAC-7F9B3799B4C8}.Release|Any CPU.Build.0 = Release|Any CPU
	EndGlobalSection
	GlobalSection(SolutionProperties) = preSolution
		HideSolutionNode = FALSE
	EndGlobalSection
	GlobalSection(NestedProjects) = preSolution
		{1F56CD0C-36AE-4E25-9112-0A269D1775E2} = {5F639926-FAFA-40F9-A099-7CD5E75B7855}
		{F8F005AA-8E22-4A83-957C-35DA0EE8C1D4} = {D3D65426-8791-4F4A-8FE1-D00B2DD0A81B}
		{23DFF2D4-DCBD-4C4E-8BAC-7F9B3799B4C8} = {5F639926-FAFA-40F9-A099-7CD5E75B7855}
	EndGlobalSection
EndGlobal
